
Microsoft Visual Studio Solution File, Format Version 12.00
# Visual Studio 2015
Project("{FAE04EC0-301F-11D3-BF4B-00C04F79EFBC}") = "RZA 001.CSharp.Plugins", "RZA 001.CSharp.Plugins.csproj", "{8A3503A4-F945-C841-9483-6C3DF6C736C2}"
EndProject
Project("{FAE04EC0-301F-11D3-BF4B-00C04F79EFBC}") = "RZA 001.CSharp", "RZA 001.CSharp.csproj", "{A230A0CC-E583-12F7-A675-ED7700F93F5C}"
EndProject
Project("{FAE04EC0-301F-11D3-BF4B-00C04F79EFBC}") = "RZA 001.CSharp.Editor", "RZA 001.CSharp.Editor.csproj", "{1AED89AA-DC17-44AF-F50F-55770AE70265}"
EndProject
Global
	GlobalSection(SolutionConfigurationPlatforms) = preSolution
		Debug|Any CPU = Debug|Any CPU
		Release|Any CPU = Release|Any CPU
	EndGlobalSection
	GlobalSection(ProjectConfigurationPlatforms) = postSolution
		{8A3503A4-F945-C841-9483-6C3DF6C736C2}.Debug|Any CPU.ActiveCfg = Debug|Any CPU
		{8A3503A4-F945-C841-9483-6C3DF6C736C2}.Debug|Any CPU.Build.0 = Debug|Any CPU
		{8A3503A4-F945-C841-9483-6C3DF6C736C2}.Release|Any CPU.ActiveCfg = Release|Any CPU
		{8A3503A4-F945-C841-9483-6C3DF6C736C2}.Release|Any CPU.Build.0 = Release|Any CPU
		{A230A0CC-E583-12F7-A675-ED7700F93F5C}.Debug|Any CPU.ActiveCfg = Debug|Any CPU
		{A230A0CC-E583-12F7-A675-ED7700F93F5C}.Debug|Any CPU.Build.0 = Debug|Any CPU
		{A230A0CC-E583-12F7-A675-ED7700F93F5C}.Release|Any CPU.ActiveCfg = Release|Any CPU
		{A230A0CC-E583-12F7-A675-ED7700F93F5C}.Release|Any CPU.Build.0 = Release|Any CPU
		{1AED89AA-DC17-44AF-F50F-55770AE70265}.Debug|Any CPU.ActiveCfg = Debug|Any CPU
		{1AED89AA-DC17-44AF-F50F-55770AE70265}.Debug|Any CPU.Build.0 = Debug|Any CPU
		{1AED89AA-DC17-44AF-F50F-55770AE70265}.Release|Any CPU.ActiveCfg = Release|Any CPU
		{1AED89AA-DC17-44AF-F50F-55770AE70265}.Release|Any CPU.Build.0 = Release|Any CPU
	EndGlobalSection
	GlobalSection(SolutionProperties) = preSolution
		HideSolutionNode = FALSE
	EndGlobalSection
EndGlobal
